
Microsoft Visual Studio Solution File, Format Version 12.00
# Visual Studio Version 17
VisualStudioVersion = 17.8.34330.188
MinimumVisualStudioVersion = 10.0.40219.1
Project("{FAE04EC0-301F-11D3-BF4B-00C04F79EFBC}") = "KirosEngine3", "KirosEngine3.csproj", "{7016F2B7-14C9-4C03-B8AF-CDF6544B5E33}"
EndProject
Project("{2150E333-8FDC-42A3-9474-1A3956D46DE8}") = "Solution Items", "Solution Items", "{48A2BBD3-CB82-4D4C-9460-1F760B8236FF}"
	ProjectSection(SolutionItems) = preProject
		.editorconfig = .editorconfig
	EndProjectSection
EndProject
Global
	GlobalSection(SolutionConfigurationPlatforms) = preSolution
		Debug|Any CPU = Debug|Any CPU
		Release|Any CPU = Release|Any CPU
	EndGlobalSection
	GlobalSection(ProjectConfigurationPlatforms) = postSolution
		{7016F2B7-14C9-4C03-B8AF-CDF6544B5E33}.Debug|Any CPU.ActiveCfg = Debug|Any CPU
		{7016F2B7-14C9-4C03-B8AF-CDF6544B5E33}.Debug|Any CPU.Build.0 = Debug|Any CPU
		{7016F2B7-14C9-4C03-B8AF-CDF6544B5E33}.Release|Any CPU.ActiveCfg = Release|Any CPU
		{7016F2B7-14C9-4C03-B8AF-CDF6544B5E33}.Release|Any CPU.Build.0 = Release|Any CPU
	EndGlobalSection
	GlobalSection(SolutionProperties) = preSolution
		HideSolutionNode = FALSE
	EndGlobalSection
	GlobalSection(ExtensibilityGlobals) = postSolution
		SolutionGuid = {CA4D8DF4-7B67-44D6-8AA8-9FDCE55C9FA3}
	EndGlobalSection
EndGlobal
